
Microsoft Visual Studio Solution File, Format Version 12.00
# Visual Studio Version 17
VisualStudioVersion = 17.13.35825.156
MinimumVisualStudioVersion = 10.0.40219.1
Project("{FAE04EC0-301F-11D3-BF4B-00C04F79EFBC}") = "TopoBuilder", "TopoBuilder\TopoBuilder.csproj", "{DF989975-D85E-445C-97D6-137E7C4C4AE7}"
EndProject
Global
	GlobalSection(SolutionConfigurationPlatforms) = preSolution
		Debug|Any CPU = Debug|Any CPU
		Debug|x64 = Debug|x64
		Release|Any CPU = Release|Any CPU
		Release|x64 = Release|x64
	EndGlobalSection
	GlobalSection(ProjectConfigurationPlatforms) = postSolution
		{DF989975-D85E-445C-97D6-137E7C4C4AE7}.Debug|Any CPU.ActiveCfg = Debug|Any CPU
		{DF989975-D85E-445C-97D6-137E7C4C4AE7}.Debug|Any CPU.Build.0 = Debug|Any CPU
		{DF989975-D85E-445C-97D6-137E7C4C4AE7}.Debug|x64.ActiveCfg = Debug|x64
		{DF989975-D85E-445C-97D6-137E7C4C4AE7}.Debug|x64.Build.0 = Debug|x64
		{DF989975-D85E-445C-97D6-137E7C4C4AE7}.Release|Any CPU.ActiveCfg = Release|Any CPU
		{DF989975-D85E-445C-97D6-137E7C4C4AE7}.Release|Any CPU.Build.0 = Release|Any CPU
		{DF989975-D85E-445C-97D6-137E7C4C4AE7}.Release|x64.ActiveCfg = Release|x64
		{DF989975-D85E-445C-97D6-137E7C4C4AE7}.Release|x64.Build.0 = Release|x64
	EndGlobalSection
	GlobalSection(SolutionProperties) = preSolution
		HideSolutionNode = FALSE
	EndGlobalSection
	GlobalSection(ExtensibilityGlobals) = postSolution
		SolutionGuid = {18133621-9C6A-45DF-BAF7-312B49A657D8}
	EndGlobalSection
EndGlobal
